
Microsoft Visual Studio Solution File, Format Version 12.00
# Visual Studio Version 17
VisualStudioVersion = 17.11.35312.102
MinimumVisualStudioVersion = 10.0.40219.1
Project("{FAE04EC0-301F-11D3-BF4B-00C04F79EFBC}") = "HoosAnaLab7", "HoosAnaLab7.csproj", "{7E9CBF49-7291-4935-9476-89C9D54BE100}"
EndProject
Global
	GlobalSection(SolutionConfigurationPlatforms) = preSolution
		Debug|Any CPU = Debug|Any CPU
		Release|Any CPU = Release|Any CPU
	EndGlobalSection
	GlobalSection(ProjectConfigurationPlatforms) = postSolution
		{7E9CBF49-7291-4935-9476-89C9D54BE100}.Debug|Any CPU.ActiveCfg = Debug|Any CPU
		{7E9CBF49-7291-4935-9476-89C9D54BE100}.Debug|Any CPU.Build.0 = Debug|Any CPU
		{7E9CBF49-7291-4935-9476-89C9D54BE100}.Debug|Any CPU.Deploy.0 = Debug|Any CPU
		{7E9CBF49-7291-4935-9476-89C9D54BE100}.Release|Any CPU.ActiveCfg = Release|Any CPU
		{7E9CBF49-7291-4935-9476-89C9D54BE100}.Release|Any CPU.Build.0 = Release|Any CPU
		{7E9CBF49-7291-4935-9476-89C9D54BE100}.Release|Any CPU.Deploy.0 = Release|Any CPU
	EndGlobalSection
	GlobalSection(SolutionProperties) = preSolution
		HideSolutionNode = FALSE
	EndGlobalSection
	GlobalSection(ExtensibilityGlobals) = postSolution
		SolutionGuid = {6601A23F-098D-4238-9374-9B74766FD183}
	EndGlobalSection
EndGlobal
